{
  "version": "5",
  "specifiers": {
    "jsr:@noble/hashes@^2.0.1": "2.0.1",
    "jsr:@noble/secp256k1@3": "3.0.0",
    "jsr:@quentinadam/assert@~0.1.17": "0.1.17",
    "jsr:@quentinadam/base58@~0.1.12": "0.1.12",
    "jsr:@quentinadam/base58check@~0.1.13": "0.1.13",
    "jsr:@quentinadam/ensure@~0.1.5": "0.1.5",
    "jsr:@quentinadam/evm-base@~0.1.10": "0.1.10",
    "jsr:@quentinadam/hash@~0.1.12": "0.1.12",
    "jsr:@quentinadam/rlp@0.1": "0.1.0",
    "jsr:@quentinadam/secp256k1@~0.1.3": "0.1.3",
    "jsr:@quentinadam/uint8array-extension@~0.1.13": "0.1.13",
    "jsr:@quentinadam/zod@~0.1.14": "0.1.14",
    "npm:typescript@^6.0.2": "6.0.2"
  },
  "jsr": {
    "@noble/hashes@2.0.1": {
      "integrity": "e0e908292a0bf91099cf8ba0720a1647cef82ab38b588815b5e9535b4ff4d7bb"
    },
    "@noble/secp256k1@3.0.0": {
      "integrity": "8d1639a9c06fcffacf720d8319e8e996e9fbfbaf868324e4cec5dc56b2ade1b9"
    },
    "@quentinadam/assert@0.1.17": {
      "integrity": "9eef3bbf11e01f89e53a3ca569a390fd9f313edfd1b962477684528bafeb9f35"
    },
    "@quentinadam/base58@0.1.12": {
      "integrity": "1f91171f4fc6502ca5983e4d2906766c1fe7e386d7b2a58a8ab58921887749c4",
      "dependencies": [
        "jsr:@quentinadam/assert",
        "jsr:@quentinadam/ensure"
      ]
    },
    "@quentinadam/base58check@0.1.13": {
      "integrity": "bd1127c9e386fcc253fb7aa502a6fb88e49106a92e298dd95205fca21b7cea90",
      "dependencies": [
        "jsr:@quentinadam/assert",
        "jsr:@quentinadam/base58",
        "jsr:@quentinadam/hash",
        "jsr:@quentinadam/uint8array-extension"
      ]
    },
    "@quentinadam/ensure@0.1.5": {
      "integrity": "69e744b5015c0ef2db83e2116321524f720c04bf345805a45fb657510d01a7f7",
      "dependencies": [
        "jsr:@quentinadam/assert"
      ]
    },
    "@quentinadam/evm-base@0.1.10": {
      "integrity": "b113bf9f10877b740b80bd7ed0f447257abb9abbd3004302f2aa5a5e6745469d",
      "dependencies": [
        "jsr:@quentinadam/assert",
        "jsr:@quentinadam/ensure",
        "jsr:@quentinadam/hash",
        "jsr:@quentinadam/rlp",
        "jsr:@quentinadam/uint8array-extension",
        "jsr:@quentinadam/zod"
      ]
    },
    "@quentinadam/hash@0.1.12": {
      "integrity": "b8cbac62bb0441f786a30137f97b9f73f961b291ea4de685a061961fdc9e2c7c",
      "dependencies": [
        "jsr:@noble/hashes",
        "jsr:@quentinadam/assert",
        "jsr:@quentinadam/ensure",
        "jsr:@quentinadam/uint8array-extension"
      ]
    },
    "@quentinadam/rlp@0.1.0": {
      "integrity": "5f6da1a776ef91a847a4deef9d6de04443a0180b7a918f01e6af0a017729db4d",
      "dependencies": [
        "jsr:@quentinadam/ensure",
        "jsr:@quentinadam/uint8array-extension"
      ]
    },
    "@quentinadam/secp256k1@0.1.3": {
      "integrity": "38a7042a4b15a426f143193c11f90df989ad30341cd7e734812cff1165dc0cc4",
      "dependencies": [
        "jsr:@noble/secp256k1",
        "jsr:@quentinadam/assert",
        "jsr:@quentinadam/ensure",
        "jsr:@quentinadam/hash",
        "jsr:@quentinadam/uint8array-extension"
      ]
    },
    "@quentinadam/uint8array-extension@0.1.13": {
      "integrity": "7d8aec5028b42876b83496066b547902d9fa7929e87b7e0f74dc4ff2847ab280",
      "dependencies": [
        "jsr:@quentinadam/assert"
      ]
    },
    "@quentinadam/zod@0.1.14": {
      "integrity": "fd1c77e3cc37e0ee9bc1282613528799ad42c1d54802903096d2dde6dc9536e9"
    }
  },
  "npm": {
    "typescript@6.0.2": {
      "integrity": "sha512-bGdAIrZ0wiGDo5l8c++HWtbaNCWTS4UTv7RaTH/ThVIgjkveJt83m74bBHMJkuCbslY8ixgLBVZJIOiQlQTjfQ==",
      "bin": true
    }
  },
  "workspace": {
    "dependencies": [
      "jsr:@quentinadam/assert@~0.1.17",
      "jsr:@quentinadam/base58check@~0.1.13",
      "jsr:@quentinadam/evm-base@~0.1.10",
      "jsr:@quentinadam/hash@~0.1.12",
      "jsr:@quentinadam/secp256k1@~0.1.3",
      "jsr:@quentinadam/uint8array-extension@~0.1.13",
      "jsr:@quentinadam/zod@~0.1.14",
      "npm:typescript@^6.0.2"
    ]
  }
}
