{
  "version": "5",
  "specifiers": {
    "jsr:@noble/hashes@^2.2.0": "2.2.0",
    "jsr:@noble/secp256k1@^3.1.0": "3.1.0",
    "jsr:@quentinadam/assert@~0.1.17": "0.1.17",
    "jsr:@quentinadam/base58@~0.1.12": "0.1.12",
    "jsr:@quentinadam/base58check@~0.1.14": "0.1.14",
    "jsr:@quentinadam/ensure@~0.1.5": "0.1.5",
    "jsr:@quentinadam/evm-base@~0.1.15": "0.1.15",
    "jsr:@quentinadam/hash@~0.1.15": "0.1.15",
    "jsr:@quentinadam/rlp@~0.1.2": "0.1.2",
    "jsr:@quentinadam/secp256k1@~0.1.4": "0.1.4",
    "jsr:@quentinadam/uint8array-extension@~0.1.18": "0.1.18",
    "jsr:@quentinadam/zod@~0.1.14": "0.1.14",
    "npm:typescript@^6.0.2": "6.0.2"
  },
  "jsr": {
    "@noble/hashes@2.2.0": {
      "integrity": "984d0f07d004ac13a6029ef2b200651b1572fcc952be4b313ef4e312ad696189"
    },
    "@noble/secp256k1@3.1.0": {
      "integrity": "cd6b02d94b96ce37f6ef332fa20ebaeefa603edda5e3488f15be06fd1a52a359"
    },
    "@quentinadam/assert@0.1.17": {
      "integrity": "9eef3bbf11e01f89e53a3ca569a390fd9f313edfd1b962477684528bafeb9f35"
    },
    "@quentinadam/base58@0.1.12": {
      "integrity": "1f91171f4fc6502ca5983e4d2906766c1fe7e386d7b2a58a8ab58921887749c4",
      "dependencies": [
        "jsr:@quentinadam/assert",
        "jsr:@quentinadam/ensure"
      ]
    },
    "@quentinadam/base58check@0.1.14": {
      "integrity": "6b98609a5a28c6f68f1d1543c7035e786556068f9a25da7446c8b864ad1ba953",
      "dependencies": [
        "jsr:@quentinadam/assert",
        "jsr:@quentinadam/base58",
        "jsr:@quentinadam/hash",
        "jsr:@quentinadam/uint8array-extension"
      ]
    },
    "@quentinadam/ensure@0.1.5": {
      "integrity": "69e744b5015c0ef2db83e2116321524f720c04bf345805a45fb657510d01a7f7",
      "dependencies": [
        "jsr:@quentinadam/assert"
      ]
    },
    "@quentinadam/evm-base@0.1.15": {
      "integrity": "614d3ba6c00e0ee32692a66a53eec74d84b7e3286ce4ca922efc5a4a349c9731",
      "dependencies": [
        "jsr:@quentinadam/assert",
        "jsr:@quentinadam/ensure",
        "jsr:@quentinadam/hash",
        "jsr:@quentinadam/rlp",
        "jsr:@quentinadam/secp256k1",
        "jsr:@quentinadam/uint8array-extension",
        "jsr:@quentinadam/zod"
      ]
    },
    "@quentinadam/hash@0.1.15": {
      "integrity": "1ffa58cd71be1257978726c0c945212961bf78630ff0af96b84d046b22792fd3",
      "dependencies": [
        "jsr:@noble/hashes",
        "jsr:@quentinadam/assert",
        "jsr:@quentinadam/ensure",
        "jsr:@quentinadam/uint8array-extension"
      ]
    },
    "@quentinadam/rlp@0.1.2": {
      "integrity": "d126d5646c5b63e2ebf1c489272687caae65f72bd60a6859dce19d9dbf69fecb",
      "dependencies": [
        "jsr:@quentinadam/ensure",
        "jsr:@quentinadam/uint8array-extension"
      ]
    },
    "@quentinadam/secp256k1@0.1.4": {
      "integrity": "468a36e831cd361a75a7c04000636b67333f710bdf1ff01e191caec1071222e9",
      "dependencies": [
        "jsr:@noble/secp256k1",
        "jsr:@quentinadam/assert",
        "jsr:@quentinadam/ensure",
        "jsr:@quentinadam/hash",
        "jsr:@quentinadam/uint8array-extension"
      ]
    },
    "@quentinadam/uint8array-extension@0.1.18": {
      "integrity": "c065e91a6e7d9ec6f11ed9f27856c8fc456953165553aead3acf68751a7d18e2",
      "dependencies": [
        "jsr:@quentinadam/assert"
      ]
    },
    "@quentinadam/zod@0.1.14": {
      "integrity": "fd1c77e3cc37e0ee9bc1282613528799ad42c1d54802903096d2dde6dc9536e9"
    }
  },
  "npm": {
    "typescript@6.0.2": {
      "integrity": "sha512-bGdAIrZ0wiGDo5l8c++HWtbaNCWTS4UTv7RaTH/ThVIgjkveJt83m74bBHMJkuCbslY8ixgLBVZJIOiQlQTjfQ==",
      "bin": true
    }
  },
  "workspace": {
    "dependencies": [
      "jsr:@quentinadam/assert@~0.1.17",
      "jsr:@quentinadam/base58check@~0.1.14",
      "jsr:@quentinadam/evm-base@~0.1.15",
      "jsr:@quentinadam/hash@~0.1.15",
      "jsr:@quentinadam/secp256k1@~0.1.4",
      "jsr:@quentinadam/uint8array-extension@~0.1.18",
      "jsr:@quentinadam/zod@~0.1.14",
      "npm:typescript@^6.0.2"
    ]
  }
}
