{
  "version": "5",
  "specifiers": {
    "jsr:@noble/hashes@^2.2.0": "2.2.0",
    "jsr:@noble/secp256k1@^3.1.0": "3.1.0",
    "jsr:@quentinadam/assert@~0.1.18": "0.1.18",
    "jsr:@quentinadam/base58@~0.1.13": "0.1.13",
    "jsr:@quentinadam/base58check@~0.1.16": "0.1.16",
    "jsr:@quentinadam/ensure@~0.1.6": "0.1.6",
    "jsr:@quentinadam/evm-base@~0.1.17": "0.1.17",
    "jsr:@quentinadam/hash@~0.1.16": "0.1.16",
    "jsr:@quentinadam/rlp@~0.1.3": "0.1.3",
    "jsr:@quentinadam/secp256k1@~0.1.5": "0.1.5",
    "jsr:@quentinadam/uint8array-extension@~0.1.19": "0.1.19",
    "jsr:@quentinadam/zod@~0.1.15": "0.1.15",
    "npm:typescript@^6.0.2": "6.0.2"
  },
  "jsr": {
    "@noble/hashes@2.2.0": {
      "integrity": "984d0f07d004ac13a6029ef2b200651b1572fcc952be4b313ef4e312ad696189"
    },
    "@noble/secp256k1@3.1.0": {
      "integrity": "cd6b02d94b96ce37f6ef332fa20ebaeefa603edda5e3488f15be06fd1a52a359"
    },
    "@quentinadam/assert@0.1.18": {
      "integrity": "33a484ad66cab3d5453f69730d49c05bded72b7ff1bd54b5cc3fc2327fe314ca"
    },
    "@quentinadam/base58@0.1.13": {
      "integrity": "f33601b519054c16738e314210c90bef68adce5d52dbee78351fd096bb24587b",
      "dependencies": [
        "jsr:@quentinadam/assert",
        "jsr:@quentinadam/ensure"
      ]
    },
    "@quentinadam/base58check@0.1.16": {
      "integrity": "f46804fe698109a4f0aea799e9f7e599860b87b4bfb702d4b0a8723a6382dbb7",
      "dependencies": [
        "jsr:@quentinadam/assert",
        "jsr:@quentinadam/base58",
        "jsr:@quentinadam/hash",
        "jsr:@quentinadam/uint8array-extension"
      ]
    },
    "@quentinadam/ensure@0.1.6": {
      "integrity": "67ac14be280165486613bab54c619bad1783e569601584c3ad63536f08610818",
      "dependencies": [
        "jsr:@quentinadam/assert"
      ]
    },
    "@quentinadam/evm-base@0.1.17": {
      "integrity": "6b4613533e684f6c3f456eb5dc77255a26f0b0ab255712a914480778eccbe27b",
      "dependencies": [
        "jsr:@quentinadam/assert",
        "jsr:@quentinadam/ensure",
        "jsr:@quentinadam/hash",
        "jsr:@quentinadam/rlp",
        "jsr:@quentinadam/secp256k1",
        "jsr:@quentinadam/uint8array-extension",
        "jsr:@quentinadam/zod"
      ]
    },
    "@quentinadam/hash@0.1.16": {
      "integrity": "e9ba62e5f1038202d99d97c8cd271c1b08c5fa5955f854002b626b62a32b47cd",
      "dependencies": [
        "jsr:@noble/hashes",
        "jsr:@quentinadam/ensure",
        "jsr:@quentinadam/uint8array-extension"
      ]
    },
    "@quentinadam/rlp@0.1.3": {
      "integrity": "8b8b0732c9716a6422134797998071bf72a7a71b20fb458b552e3e1f8e9a75af",
      "dependencies": [
        "jsr:@quentinadam/ensure",
        "jsr:@quentinadam/uint8array-extension"
      ]
    },
    "@quentinadam/secp256k1@0.1.5": {
      "integrity": "96b8d43227aeb07cc519a47f0b25f4ae1c3115652c16d3bdec3817f67c202da3",
      "dependencies": [
        "jsr:@noble/secp256k1",
        "jsr:@quentinadam/assert",
        "jsr:@quentinadam/ensure",
        "jsr:@quentinadam/hash",
        "jsr:@quentinadam/uint8array-extension"
      ]
    },
    "@quentinadam/uint8array-extension@0.1.19": {
      "integrity": "485b6b7fbc265502c11ccbe151f90f240b59399a40f9e3cef2003e36f950249a",
      "dependencies": [
        "jsr:@quentinadam/assert"
      ]
    },
    "@quentinadam/zod@0.1.15": {
      "integrity": "60b0dcd375db957e42a5406a91bd91d6785b4cc7f00457866f6ba145d0447d2e"
    }
  },
  "npm": {
    "typescript@6.0.2": {
      "integrity": "sha512-bGdAIrZ0wiGDo5l8c++HWtbaNCWTS4UTv7RaTH/ThVIgjkveJt83m74bBHMJkuCbslY8ixgLBVZJIOiQlQTjfQ==",
      "bin": true
    }
  },
  "workspace": {
    "dependencies": [
      "jsr:@quentinadam/assert@~0.1.18",
      "jsr:@quentinadam/base58check@~0.1.16",
      "jsr:@quentinadam/evm-base@~0.1.17",
      "jsr:@quentinadam/hash@~0.1.16",
      "jsr:@quentinadam/secp256k1@~0.1.5",
      "jsr:@quentinadam/uint8array-extension@~0.1.19",
      "jsr:@quentinadam/zod@~0.1.15",
      "npm:typescript@^6.0.2"
    ]
  }
}
